// !$*UTF8*$!
{
	archiveVersion = 1;
	classes = {
	};
	objectVersion = 56;
	objects = {

/* Begin PBXBuildFile section */
		10C0AFBDFFA59A1DFEDF0A77 /* Pods_TwitterClone_TwitterCloneUITests.framework in Frameworks */ = {isa = PBXBuildFile; fileRef = BAAF01B6BEDD4B6916E8B7BB /* Pods_TwitterClone_TwitterCloneUITests.framework */; };
		1B2E40F22A95D8F200D2917A /* HomeViewModel.swift in Sources */ = {isa = PBXBuildFile; fileRef = 1B2E40F12A95D8F200D2917A /* HomeViewModel.swift */; };
		1B2E40F52A95D91500D2917A /* TwitterUser.swift in Sources */ = {isa = PBXBuildFile; fileRef = 1B2E40F42A95D91500D2917A /* TwitterUser.swift */; };
		1B2E40F72A95EF7F00D2917A /* DatabaseManager.swift in Sources */ = {isa = PBXBuildFile; fileRef = 1B2E40F62A95EF7F00D2917A /* DatabaseManager.swift */; };
		1B2E40F92A95EFE900D2917A /* ProfileDataFormViewModel.swift in Sources */ = {isa = PBXBuildFile; fileRef = 1B2E40F82A95EFE900D2917A /* ProfileDataFormViewModel.swift */; };
		1B2E40FB2A95F07F00D2917A /* ProfileDataFormViewController.swift in Sources */ = {isa = PBXBuildFile; fileRef = 1B2E40FA2A95F07F00D2917A /* ProfileDataFormViewController.swift */; };
		1B33EE442B1B0BE50073C546 /* UIColor+Extension.swift in Sources */ = {isa = PBXBuildFile; fileRef = 1B33EE432B1B0BE50073C546 /* UIColor+Extension.swift */; };
		1B33EE462B1B0CB60073C546 /* TweetComposeViewController.swift in Sources */ = {isa = PBXBuildFile; fileRef = 1B33EE452B1B0CB60073C546 /* TweetComposeViewController.swift */; };
		1BBE2A332A9245E500BB20D1 /* AppDelegate.swift in Sources */ = {isa = PBXBuildFile; fileRef = 1BBE2A322A9245E500BB20D1 /* AppDelegate.swift */; };
		1BBE2A352A9245E500BB20D1 /* SceneDelegate.swift in Sources */ = {isa = PBXBuildFile; fileRef = 1BBE2A342A9245E500BB20D1 /* SceneDelegate.swift */; };
		1BBE2A372A9245E500BB20D1 /* ViewController.swift in Sources */ = {isa = PBXBuildFile; fileRef = 1BBE2A362A9245E500BB20D1 /* ViewController.swift */; };
		1BBE2A3C2A9245E600BB20D1 /* Assets.xcassets in Resources */ = {isa = PBXBuildFile; fileRef = 1BBE2A3B2A9245E600BB20D1 /* Assets.xcassets */; };
		1BBE2A3F2A9245E600BB20D1 /* LaunchScreen.storyboard in Resources */ = {isa = PBXBuildFile; fileRef = 1BBE2A3D2A9245E600BB20D1 /* LaunchScreen.storyboard */; };
		1BBE2A4A2A9245E700BB20D1 /* TwitterCloneTests.swift in Sources */ = {isa = PBXBuildFile; fileRef = 1BBE2A492A9245E700BB20D1 /* TwitterCloneTests.swift */; };
		1BBE2A542A9245E700BB20D1 /* TwitterCloneUITests.swift in Sources */ = {isa = PBXBuildFile; fileRef = 1BBE2A532A9245E700BB20D1 /* TwitterCloneUITests.swift */; };
		1BBE2A562A9245E700BB20D1 /* TwitterCloneUITestsLaunchTests.swift in Sources */ = {isa = PBXBuildFile; fileRef = 1BBE2A552A9245E700BB20D1 /* TwitterCloneUITestsLaunchTests.swift */; };
		1BBE2A632A92465000BB20D1 /* MainTabViewController.swift in Sources */ = {isa = PBXBuildFile; fileRef = 1BBE2A622A92465000BB20D1 /* MainTabViewController.swift */; };
		1BBE2A652A92485200BB20D1 /* SearchViewController.swift in Sources */ = {isa = PBXBuildFile; fileRef = 1BBE2A642A92485200BB20D1 /* SearchViewController.swift */; };
		1BBE2A672A92485D00BB20D1 /* NotificationViewController.swift in Sources */ = {isa = PBXBuildFile; fileRef = 1BBE2A662A92485D00BB20D1 /* NotificationViewController.swift */; };
		1BBE2A692A92486700BB20D1 /* DirectMessagesViewController.swift in Sources */ = {isa = PBXBuildFile; fileRef = 1BBE2A682A92486700BB20D1 /* DirectMessagesViewController.swift */; };
		1BBE2A6B2A92487200BB20D1 /* HomeViewController.swift in Sources */ = {isa = PBXBuildFile; fileRef = 1BBE2A6A2A92487200BB20D1 /* HomeViewController.swift */; };
		1BBE2A6F2A924B9700BB20D1 /* TweetTableViewCell.swift in Sources */ = {isa = PBXBuildFile; fileRef = 1BBE2A6E2A924B9700BB20D1 /* TweetTableViewCell.swift */; };
		1BBE2A712A939CB300BB20D1 /* profileViewController.swift in Sources */ = {isa = PBXBuildFile; fileRef = 1BBE2A702A939CB300BB20D1 /* profileViewController.swift */; };
		1BBE2A732A93AE2600BB20D1 /* ProfileHeaderView.swift in Sources */ = {isa = PBXBuildFile; fileRef = 1BBE2A722A93AE2600BB20D1 /* ProfileHeaderView.swift */; };
		1BBE2A752A94E52A00BB20D1 /* GoogleService-Info.plist in Resources */ = {isa = PBXBuildFile; fileRef = 1BBE2A742A94E52A00BB20D1 /* GoogleService-Info.plist */; };
		1BBE2A782A94E66300BB20D1 /* FirebaseAuth in Frameworks */ = {isa = PBXBuildFile; productRef = 1BBE2A772A94E66300BB20D1 /* FirebaseAuth */; };
		1BBE2A7A2A94E66300BB20D1 /* FirebaseAuthCombine-Community in Frameworks */ = {isa = PBXBuildFile; productRef = 1BBE2A792A94E66300BB20D1 /* FirebaseAuthCombine-Community */; };
		1BBE2A7C2A94E66300BB20D1 /* FirebaseDatabase in Frameworks */ = {isa = PBXBuildFile; productRef = 1BBE2A7B2A94E66300BB20D1 /* FirebaseDatabase */; };
		1BBE2A7E2A94E66300BB20D1 /* FirebaseDatabaseSwift in Frameworks */ = {isa = PBXBuildFile; productRef = 1BBE2A7D2A94E66300BB20D1 /* FirebaseDatabaseSwift */; };
		1BBE2A802A94E66300BB20D1 /* FirebaseFirestore in Frameworks */ = {isa = PBXBuildFile; productRef = 1BBE2A7F2A94E66300BB20D1 /* FirebaseFirestore */; };
		1BBE2A822A94E66300BB20D1 /* FirebaseFirestoreCombine-Community in Frameworks */ = {isa = PBXBuildFile; productRef = 1BBE2A812A94E66300BB20D1 /* FirebaseFirestoreCombine-Community */; };
		1BBE2A842A94E66300BB20D1 /* FirebaseFirestoreSwift in Frameworks */ = {isa = PBXBuildFile; productRef = 1BBE2A832A94E66300BB20D1 /* FirebaseFirestoreSwift */; };
		1BBE2A862A94E66300BB20D1 /* FirebaseStorage in Frameworks */ = {isa = PBXBuildFile; productRef = 1BBE2A852A94E66300BB20D1 /* FirebaseStorage */; };
		1BBE2A882A94E66300BB20D1 /* FirebaseStorageCombine-Community in Frameworks */ = {isa = PBXBuildFile; productRef = 1BBE2A872A94E66300BB20D1 /* FirebaseStorageCombine-Community */; };
		1BBE2A902A94E85F00BB20D1 /* LoginViewController.swift in Sources */ = {isa = PBXBuildFile; fileRef = 1BBE2A8D2A94E85F00BB20D1 /* LoginViewController.swift */; };
		1BBE2A912A94E85F00BB20D1 /* RegisterViewController.swift in Sources */ = {isa = PBXBuildFile; fileRef = 1BBE2A8E2A94E85F00BB20D1 /* RegisterViewController.swift */; };
		1BBE2A922A94E85F00BB20D1 /* OnboardingViewController.swift in Sources */ = {isa = PBXBuildFile; fileRef = 1BBE2A8F2A94E85F00BB20D1 /* OnboardingViewController.swift */; };
		1BBE2A952A950A8300BB20D1 /* AuthenticationViewViewModel.swift in Sources */ = {isa = PBXBuildFile; fileRef = 1BBE2A942A950A8300BB20D1 /* AuthenticationViewViewModel.swift */; };
		1BBE2A982A95181700BB20D1 /* AuthManager.swift in Sources */ = {isa = PBXBuildFile; fileRef = 1BBE2A972A95181700BB20D1 /* AuthManager.swift */; };
		1BC716212A99D5FB009468BE /* ProfileViewViewModel.swift in Sources */ = {isa = PBXBuildFile; fileRef = 1BC716202A99D5FB009468BE /* ProfileViewViewModel.swift */; };
		1BC716232A99D8A9009468BE /* TweetComposeViewModel.swift in Sources */ = {isa = PBXBuildFile; fileRef = 1BC716222A99D8A9009468BE /* TweetComposeViewModel.swift */; };
		1BD9629B2B164D1C0016A0FA /* StorageManager.swift in Sources */ = {isa = PBXBuildFile; fileRef = 1BD9629A2B164D1C0016A0FA /* StorageManager.swift */; };
		9C1531B069071D6B174DE7EF /* Pods_TwitterClone.framework in Frameworks */ = {isa = PBXBuildFile; fileRef = EEFDBB29FA6F3A64C1E49E8B /* Pods_TwitterClone.framework */; };
		D43661B25EBD4577F02C2B0B /* Pods_TwitterCloneTests.framework in Frameworks */ = {isa = PBXBuildFile; fileRef = 5B6DB305269690C53177093E /* Pods_TwitterCloneTests.framework */; };
/* End PBXBuildFile section */

/* Begin PBXContainerItemProxy section */
		1BBE2A462A9245E700BB20D1 /* PBXContainerItemProxy */ = {
			isa = PBXContainerItemProxy;
			containerPortal = 1BBE2A272A9245E500BB20D1 /* Project object */;
			proxyType = 1;
			remoteGlobalIDString = 1BBE2A2E2A9245E500BB20D1;
			remoteInfo = TwitterClone;
		};
		1BBE2A502A9245E700BB20D1 /* PBXContainerItemProxy */ = {
			isa = PBXContainerItemProxy;
			containerPortal = 1BBE2A272A9245E500BB20D1 /* Project object */;
			proxyType = 1;
			remoteGlobalIDString = 1BBE2A2E2A9245E500BB20D1;
			remoteInfo = TwitterClone;
		};
/* End PBXContainerItemProxy section */

/* Begin PBXFileReference section */
		02055416FD7145932F1173AB /* Pods-TwitterClone.debug.xcconfig */ = {isa = PBXFileReference; includeInIndex = 1; lastKnownFileType = text.xcconfig; name = "Pods-TwitterClone.debug.xcconfig"; path = "Target Support Files/Pods-TwitterClone/Pods-TwitterClone.debug.xcconfig"; sourceTree = "<group>"; };
		139575F8DAA79CCD37AE60CC /* Pods-TwitterClone-TwitterCloneUITests.debug.xcconfig */ = {isa = PBXFileReference; includeInIndex = 1; lastKnownFileType = text.xcconfig; name = "Pods-TwitterClone-TwitterCloneUITests.debug.xcconfig"; path = "Target Support Files/Pods-TwitterClone-TwitterCloneUITests/Pods-TwitterClone-TwitterCloneUITests.debug.xcconfig"; sourceTree = "<group>"; };
		1B2E40F12A95D8F200D2917A /* HomeViewModel.swift */ = {isa = PBXFileReference; lastKnownFileType = sourcecode.swift; path = HomeViewModel.swift; sourceTree = "<group>"; };
		1B2E40F42A95D91500D2917A /* TwitterUser.swift */ = {isa = PBXFileReference; lastKnownFileType = sourcecode.swift; path = TwitterUser.swift; sourceTree = "<group>"; };
		1B2E40F62A95EF7F00D2917A /* DatabaseManager.swift */ = {isa = PBXFileReference; lastKnownFileType = sourcecode.swift; path = DatabaseManager.swift; sourceTree = "<group>"; };
		1B2E40F82A95EFE900D2917A /* ProfileDataFormViewModel.swift */ = {isa = PBXFileReference; lastKnownFileType = sourcecode.swift; path = ProfileDataFormViewModel.swift; sourceTree = "<group>"; };
		1B2E40FA2A95F07F00D2917A /* ProfileDataFormViewController.swift */ = {isa = PBXFileReference; lastKnownFileType = sourcecode.swift; path = ProfileDataFormViewController.swift; sourceTree = "<group>"; };
		1B33EE432B1B0BE50073C546 /* UIColor+Extension.swift */ = {isa = PBXFileReference; lastKnownFileType = sourcecode.swift; path = "UIColor+Extension.swift"; sourceTree = "<group>"; };
		1B33EE452B1B0CB60073C546 /* TweetComposeViewController.swift */ = {isa = PBXFileReference; lastKnownFileType = sourcecode.swift; path = TweetComposeViewController.swift; sourceTree = "<group>"; };
		1BBE2A2F2A9245E500BB20D1 /* TwitterClone.app */ = {isa = PBXFileReference; explicitFileType = wrapper.application; includeInIndex = 0; path = TwitterClone.app; sourceTree = BUILT_PRODUCTS_DIR; };
		1BBE2A322A9245E500BB20D1 /* AppDelegate.swift */ = {isa = PBXFileReference; lastKnownFileType = sourcecode.swift; path = AppDelegate.swift; sourceTree = "<group>"; };
		1BBE2A342A9245E500BB20D1 /* SceneDelegate.swift */ = {isa = PBXFileReference; lastKnownFileType = sourcecode.swift; path = SceneDelegate.swift; sourceTree = "<group>"; };
		1BBE2A362A9245E500BB20D1 /* ViewController.swift */ = {isa = PBXFileReference; lastKnownFileType = sourcecode.swift; path = ViewController.swift; sourceTree = "<group>"; };
		1BBE2A3B2A9245E600BB20D1 /* Assets.xcassets */ = {isa = PBXFileReference; lastKnownFileType = folder.assetcatalog; path = Assets.xcassets; sourceTree = "<group>"; };
		1BBE2A3E2A9245E600BB20D1 /* Base */ = {isa = PBXFileReference; lastKnownFileType = file.storyboard; name = Base; path = Base.lproj/LaunchScreen.storyboard; sourceTree = "<group>"; };
		1BBE2A402A9245E600BB20D1 /* Info.plist */ = {isa = PBXFileReference; lastKnownFileType = text.plist.xml; path = Info.plist; sourceTree = "<group>"; };
		1BBE2A452A9245E700BB20D1 /* TwitterCloneTests.xctest */ = {isa = PBXFileReference; explicitFileType = wrapper.cfbundle; includeInIndex = 0; path = TwitterCloneTests.xctest; sourceTree = BUILT_PRODUCTS_DIR; };
		1BBE2A492A9245E700BB20D1 /* TwitterCloneTests.swift */ = {isa = PBXFileReference; lastKnownFileType = sourcecode.swift; path = TwitterCloneTests.swift; sourceTree = "<group>"; };
		1BBE2A4F2A9245E700BB20D1 /* TwitterCloneUITests.xctest */ = {isa = PBXFileReference; explicitFileType = wrapper.cfbundle; includeInIndex = 0; path = TwitterCloneUITests.xctest; sourceTree = BUILT_PRODUCTS_DIR; };
		1BBE2A532A9245E700BB20D1 /* TwitterCloneUITests.swift */ = {isa = PBXFileReference; lastKnownFileType = sourcecode.swift; path = TwitterCloneUITests.swift; sourceTree = "<group>"; };
		1BBE2A552A9245E700BB20D1 /* TwitterCloneUITestsLaunchTests.swift */ = {isa = PBXFileReference; lastKnownFileType = sourcecode.swift; path = TwitterCloneUITestsLaunchTests.swift; sourceTree = "<group>"; };
		1BBE2A622A92465000BB20D1 /* MainTabViewController.swift */ = {isa = PBXFileReference; lastKnownFileType = sourcecode.swift; path = MainTabViewController.swift; sourceTree = "<group>"; };
		1BBE2A642A92485200BB20D1 /* SearchViewController.swift */ = {isa = PBXFileReference; lastKnownFileType = sourcecode.swift; path = SearchViewController.swift; sourceTree = "<group>"; };
		1BBE2A662A92485D00BB20D1 /* NotificationViewController.swift */ = {isa = PBXFileReference; lastKnownFileType = sourcecode.swift; path = NotificationViewController.swift; sourceTree = "<group>"; };
		1BBE2A682A92486700BB20D1 /* DirectMessagesViewController.swift */ = {isa = PBXFileReference; lastKnownFileType = sourcecode.swift; path = DirectMessagesViewController.swift; sourceTree = "<group>"; };
		1BBE2A6A2A92487200BB20D1 /* HomeViewController.swift */ = {isa = PBXFileReference; lastKnownFileType = sourcecode.swift; path = HomeViewController.swift; sourceTree = "<group>"; };
		1BBE2A6E2A924B9700BB20D1 /* TweetTableViewCell.swift */ = {isa = PBXFileReference; lastKnownFileType = sourcecode.swift; path = TweetTableViewCell.swift; sourceTree = "<group>"; };
		1BBE2A702A939CB300BB20D1 /* profileViewController.swift */ = {isa = PBXFileReference; lastKnownFileType = sourcecode.swift; path = profileViewController.swift; sourceTree = "<group>"; };
		1BBE2A722A93AE2600BB20D1 /* ProfileHeaderView.swift */ = {isa = PBXFileReference; lastKnownFileType = sourcecode.swift; path = ProfileHeaderView.swift; sourceTree = "<group>"; };
		1BBE2A742A94E52A00BB20D1 /* GoogleService-Info.plist */ = {isa = PBXFileReference; fileEncoding = 4; lastKnownFileType = text.plist.xml; path = "GoogleService-Info.plist"; sourceTree = "<group>"; };
		1BBE2A8D2A94E85F00BB20D1 /* LoginViewController.swift */ = {isa = PBXFileReference; fileEncoding = 4; lastKnownFileType = sourcecode.swift; path = LoginViewController.swift; sourceTree = "<group>"; };
		1BBE2A8E2A94E85F00BB20D1 /* RegisterViewController.swift */ = {isa = PBXFileReference; fileEncoding = 4; lastKnownFileType = sourcecode.swift; path = RegisterViewController.swift; sourceTree = "<group>"; };
		1BBE2A8F2A94E85F00BB20D1 /* OnboardingViewController.swift */ = {isa = PBXFileReference; fileEncoding = 4; lastKnownFileType = sourcecode.swift; path = OnboardingViewController.swift; sourceTree = "<group>"; };
		1BBE2A942A950A8300BB20D1 /* AuthenticationViewViewModel.swift */ = {isa = PBXFileReference; lastKnownFileType = sourcecode.swift; path = AuthenticationViewViewModel.swift; sourceTree = "<group>"; };
		1BBE2A972A95181700BB20D1 /* AuthManager.swift */ = {isa = PBXFileReference; lastKnownFileType = sourcecode.swift; path = AuthManager.swift; sourceTree = "<group>"; };
		1BC716202A99D5FB009468BE /* ProfileViewViewModel.swift */ = {isa = PBXFileReference; lastKnownFileType = sourcecode.swift; path = ProfileViewViewModel.swift; sourceTree = "<group>"; };
		1BC716222A99D8A9009468BE /* TweetComposeViewModel.swift */ = {isa = PBXFileReference; lastKnownFileType = sourcecode.swift; path = TweetComposeViewModel.swift; sourceTree = "<group>"; };
		1BD9629A2B164D1C0016A0FA /* StorageManager.swift */ = {isa = PBXFileReference; lastKnownFileType = sourcecode.swift; path = StorageManager.swift; sourceTree = "<group>"; };
		3F86B1AD4A6875F798CFF953 /* Pods-TwitterCloneTests.debug.xcconfig */ = {isa = PBXFileReference; includeInIndex = 1; lastKnownFileType = text.xcconfig; name = "Pods-TwitterCloneTests.debug.xcconfig"; path = "Target Support Files/Pods-TwitterCloneTests/Pods-TwitterCloneTests.debug.xcconfig"; sourceTree = "<group>"; };
		5B6DB305269690C53177093E /* Pods_TwitterCloneTests.framework */ = {isa = PBXFileReference; explicitFileType = wrapper.framework; includeInIndex = 0; path = Pods_TwitterCloneTests.framework; sourceTree = BUILT_PRODUCTS_DIR; };
		8834D144EECB5DCA42B1AB64 /* Pods-TwitterClone-TwitterCloneUITests.release.xcconfig */ = {isa = PBXFileReference; includeInIndex = 1; lastKnownFileType = text.xcconfig; name = "Pods-TwitterClone-TwitterCloneUITests.release.xcconfig"; path = "Target Support Files/Pods-TwitterClone-TwitterCloneUITests/Pods-TwitterClone-TwitterCloneUITests.release.xcconfig"; sourceTree = "<group>"; };
		95B676DEFF5D38942CAA6BE1 /* Pods-TwitterCloneTests.release.xcconfig */ = {isa = PBXFileReference; includeInIndex = 1; lastKnownFileType = text.xcconfig; name = "Pods-TwitterCloneTests.release.xcconfig"; path = "Target Support Files/Pods-TwitterCloneTests/Pods-TwitterCloneTests.release.xcconfig"; sourceTree = "<group>"; };
		9A8B206C4EE9159034C29B87 /* Pods-TwitterClone.release.xcconfig */ = {isa = PBXFileReference; includeInIndex = 1; lastKnownFileType = text.xcconfig; name = "Pods-TwitterClone.release.xcconfig"; path = "Target Support Files/Pods-TwitterClone/Pods-TwitterClone.release.xcconfig"; sourceTree = "<group>"; };
		BAAF01B6BEDD4B6916E8B7BB /* Pods_TwitterClone_TwitterCloneUITests.framework */ = {isa = PBXFileReference; explicitFileType = wrapper.framework; includeInIndex = 0; path = Pods_TwitterClone_TwitterCloneUITests.framework; sourceTree = BUILT_PRODUCTS_DIR; };
		EEFDBB29FA6F3A64C1E49E8B /* Pods_TwitterClone.framework */ = {isa = PBXFileReference; explicitFileType = wrapper.framework; includeInIndex = 0; path = Pods_TwitterClone.framework; sourceTree = BUILT_PRODUCTS_DIR; };
/* End PBXFileReference section */

/* Begin PBXFrameworksBuildPhase section */
		1BBE2A2C2A9245E500BB20D1 /* Frameworks */ = {
			isa = PBXFrameworksBuildPhase;
			buildActionMask = 2147483647;
			files = (
				1BBE2A7E2A94E66300BB20D1 /* FirebaseDatabaseSwift in Frameworks */,
				1BBE2A7C2A94E66300BB20D1 /* FirebaseDatabase in Frameworks */,
				1BBE2A782A94E66300BB20D1 /* FirebaseAuth in Frameworks */,
				1BBE2A842A94E66300BB20D1 /* FirebaseFirestoreSwift in Frameworks */,
				1BBE2A822A94E66300BB20D1 /* FirebaseFirestoreCombine-Community in Frameworks */,
				1BBE2A862A94E66300BB20D1 /* FirebaseStorage in Frameworks */,
				1BBE2A802A94E66300BB20D1 /* FirebaseFirestore in Frameworks */,
				1BBE2A882A94E66300BB20D1 /* FirebaseStorageCombine-Community in Frameworks */,
				1BBE2A7A2A94E66300BB20D1 /* FirebaseAuthCombine-Community in Frameworks */,
				9C1531B069071D6B174DE7EF /* Pods_TwitterClone.framework in Frameworks */,
			);
			runOnlyForDeploymentPostprocessing = 0;
		};
		1BBE2A422A9245E700BB20D1 /* Frameworks */ = {
			isa = PBXFrameworksBuildPhase;
			buildActionMask = 2147483647;
			files = (
				D43661B25EBD4577F02C2B0B /* Pods_TwitterCloneTests.framework in Frameworks */,
			);
			runOnlyForDeploymentPostprocessing = 0;
		};
		1BBE2A4C2A9245E700BB20D1 /* Frameworks */ = {
			isa = PBXFrameworksBuildPhase;
			buildActionMask = 2147483647;
			files = (
				10C0AFBDFFA59A1DFEDF0A77 /* Pods_TwitterClone_TwitterCloneUITests.framework in Frameworks */,
			);
			runOnlyForDeploymentPostprocessing = 0;
		};
/* End PBXFrameworksBuildPhase section */

/* Begin PBXGroup section */
		1B2E40F32A95D90600D2917A /* Models */ = {
			isa = PBXGroup;
			children = (
				1B2E40F42A95D91500D2917A /* TwitterUser.swift */,
			);
			path = Models;
			sourceTree = "<group>";
		};
		1B33EE422B1B0BD00073C546 /* Extension */ = {
			isa = PBXGroup;
			children = (
				1B33EE432B1B0BE50073C546 /* UIColor+Extension.swift */,
			);
			path = Extension;
			sourceTree = "<group>";
		};
		1BBE2A262A9245E500BB20D1 = {
			isa = PBXGroup;
			children = (
				1BBE2A312A9245E500BB20D1 /* TwitterClone */,
				1BBE2A482A9245E700BB20D1 /* TwitterCloneTests */,
				1BBE2A522A9245E700BB20D1 /* TwitterCloneUITests */,
				1BBE2A302A9245E500BB20D1 /* Products */,
				215B862E8F3E2AF86C9E4A89 /* Pods */,
				678CF402865B437E5D258401 /* Frameworks */,
			);
			sourceTree = "<group>";
		};
		1BBE2A302A9245E500BB20D1 /* Products */ = {
			isa = PBXGroup;
			children = (
				1BBE2A2F2A9245E500BB20D1 /* TwitterClone.app */,
				1BBE2A452A9245E700BB20D1 /* TwitterCloneTests.xctest */,
				1BBE2A4F2A9245E700BB20D1 /* TwitterCloneUITests.xctest */,
			);
			name = Products;
			sourceTree = "<group>";
		};
		1BBE2A312A9245E500BB20D1 /* TwitterClone */ = {
			isa = PBXGroup;
			children = (
				1B33EE422B1B0BD00073C546 /* Extension */,
				1B2E40F32A95D90600D2917A /* Models */,
				1BBE2A962A95180800BB20D1 /* Networking */,
				1BBE2A932A950A6800BB20D1 /* ViewModels */,
				1BBE2A742A94E52A00BB20D1 /* GoogleService-Info.plist */,
				1BBE2A6D2A924B7D00BB20D1 /* Views */,
				1BBE2A6C2A92487B00BB20D1 /* Controllers */,
				1BBE2A322A9245E500BB20D1 /* AppDelegate.swift */,
				1BBE2A342A9245E500BB20D1 /* SceneDelegate.swift */,
				1BBE2A362A9245E500BB20D1 /* ViewController.swift */,
				1BBE2A3B2A9245E600BB20D1 /* Assets.xcassets */,
				1BBE2A3D2A9245E600BB20D1 /* LaunchScreen.storyboard */,
				1BBE2A402A9245E600BB20D1 /* Info.plist */,
				1BBE2A622A92465000BB20D1 /* MainTabViewController.swift */,
			);
			path = TwitterClone;
			sourceTree = "<group>";
		};
		1BBE2A482A9245E700BB20D1 /* TwitterCloneTests */ = {
			isa = PBXGroup;
			children = (
				1BBE2A492A9245E700BB20D1 /* TwitterCloneTests.swift */,
			);
			path = TwitterCloneTests;
			sourceTree = "<group>";
		};
		1BBE2A522A9245E700BB20D1 /* TwitterCloneUITests */ = {
			isa = PBXGroup;
			children = (
				1BBE2A532A9245E700BB20D1 /* TwitterCloneUITests.swift */,
				1BBE2A552A9245E700BB20D1 /* TwitterCloneUITestsLaunchTests.swift */,
			);
			path = TwitterCloneUITests;
			sourceTree = "<group>";
		};
		1BBE2A6C2A92487B00BB20D1 /* Controllers */ = {
			isa = PBXGroup;
			children = (
				1BBE2A8C2A94E83400BB20D1 /* OnBoarding */,
				1BBE2A892A94E7E800BB20D1 /* General */,
				1BBE2A642A92485200BB20D1 /* SearchViewController.swift */,
				1BBE2A662A92485D00BB20D1 /* NotificationViewController.swift */,
				1BBE2A682A92486700BB20D1 /* DirectMessagesViewController.swift */,
				1BBE2A6A2A92487200BB20D1 /* HomeViewController.swift */,
			);
			path = Controllers;
			sourceTree = "<group>";
		};
		1BBE2A6D2A924B7D00BB20D1 /* Views */ = {
			isa = PBXGroup;
			children = (
				1BBE2A6E2A924B9700BB20D1 /* TweetTableViewCell.swift */,
				1BBE2A722A93AE2600BB20D1 /* ProfileHeaderView.swift */,
			);
			path = Views;
			sourceTree = "<group>";
		};
		1BBE2A892A94E7E800BB20D1 /* General */ = {
			isa = PBXGroup;
			children = (
				1BBE2A702A939CB300BB20D1 /* profileViewController.swift */,
				1B33EE452B1B0CB60073C546 /* TweetComposeViewController.swift */,
			);
			path = General;
			sourceTree = "<group>";
		};
		1BBE2A8C2A94E83400BB20D1 /* OnBoarding */ = {
			isa = PBXGroup;
			children = (
				1BBE2A8D2A94E85F00BB20D1 /* LoginViewController.swift */,
				1BBE2A8F2A94E85F00BB20D1 /* OnboardingViewController.swift */,
				1BBE2A8E2A94E85F00BB20D1 /* RegisterViewController.swift */,
				1B2E40FA2A95F07F00D2917A /* ProfileDataFormViewController.swift */,
			);
			path = OnBoarding;
			sourceTree = "<group>";
		};
		1BBE2A932A950A6800BB20D1 /* ViewModels */ = {
			isa = PBXGroup;
			children = (
				1BBE2A942A950A8300BB20D1 /* AuthenticationViewViewModel.swift */,
				1B2E40F12A95D8F200D2917A /* HomeViewModel.swift */,
				1B2E40F82A95EFE900D2917A /* ProfileDataFormViewModel.swift */,
				1BC716202A99D5FB009468BE /* ProfileViewViewModel.swift */,
				1BC716222A99D8A9009468BE /* TweetComposeViewModel.swift */,
			);
			path = ViewModels;
			sourceTree = "<group>";
		};
		1BBE2A962A95180800BB20D1 /* Networking */ = {
			isa = PBXGroup;
			children = (
				1BBE2A972A95181700BB20D1 /* AuthManager.swift */,
				1BD9629A2B164D1C0016A0FA /* StorageManager.swift */,
				1B2E40F62A95EF7F00D2917A /* DatabaseManager.swift */,
			);
			path = Networking;
			sourceTree = "<group>";
		};
		215B862E8F3E2AF86C9E4A89 /* Pods */ = {
			isa = PBXGroup;
			children = (
				02055416FD7145932F1173AB /* Pods-TwitterClone.debug.xcconfig */,
				9A8B206C4EE9159034C29B87 /* Pods-TwitterClone.release.xcconfig */,
				139575F8DAA79CCD37AE60CC /* Pods-TwitterClone-TwitterCloneUITests.debug.xcconfig */,
				8834D144EECB5DCA42B1AB64 /* Pods-TwitterClone-TwitterCloneUITests.release.xcconfig */,
				3F86B1AD4A6875F798CFF953 /* Pods-TwitterCloneTests.debug.xcconfig */,
				95B676DEFF5D38942CAA6BE1 /* Pods-TwitterCloneTests.release.xcconfig */,
			);
			path = Pods;
			sourceTree = "<group>";
		};
		678CF402865B437E5D258401 /* Frameworks */ = {
			isa = PBXGroup;
			children = (
				EEFDBB29FA6F3A64C1E49E8B /* Pods_TwitterClone.framework */,
				BAAF01B6BEDD4B6916E8B7BB /* Pods_TwitterClone_TwitterCloneUITests.framework */,
				5B6DB305269690C53177093E /* Pods_TwitterCloneTests.framework */,
			);
			name = Frameworks;
			sourceTree = "<group>";
		};
/* End PBXGroup section */

/* Begin PBXNativeTarget section */
		1BBE2A2E2A9245E500BB20D1 /* TwitterClone */ = {
			isa = PBXNativeTarget;
			buildConfigurationList = 1BBE2A592A9245E700BB20D1 /* Build configuration list for PBXNativeTarget "TwitterClone" */;
			buildPhases = (
				49E45CB9880273F83ABFDA8D /* [CP] Check Pods Manifest.lock */,
				1BBE2A2B2A9245E500BB20D1 /* Sources */,
				1BBE2A2C2A9245E500BB20D1 /* Frameworks */,
				1BBE2A2D2A9245E500BB20D1 /* Resources */,
				F54611513E8FD0533E9DD7C0 /* [CP] Embed Pods Frameworks */,
			);
			buildRules = (
			);
			dependencies = (
			);
			name = TwitterClone;
			packageProductDependencies = (
				1BBE2A772A94E66300BB20D1 /* FirebaseAuth */,
				1BBE2A792A94E66300BB20D1 /* FirebaseAuthCombine-Community */,
				1BBE2A7B2A94E66300BB20D1 /* FirebaseDatabase */,
				1BBE2A7D2A94E66300BB20D1 /* FirebaseDatabaseSwift */,
				1BBE2A7F2A94E66300BB20D1 /* FirebaseFirestore */,
				1BBE2A812A94E66300BB20D1 /* FirebaseFirestoreCombine-Community */,
				1BBE2A832A94E66300BB20D1 /* FirebaseFirestoreSwift */,
				1BBE2A852A94E66300BB20D1 /* FirebaseStorage */,
				1BBE2A872A94E66300BB20D1 /* FirebaseStorageCombine-Community */,
			);
			productName = TwitterClone;
			productReference = 1BBE2A2F2A9245E500BB20D1 /* TwitterClone.app */;
			productType = "com.apple.product-type.application";
		};
		1BBE2A442A9245E700BB20D1 /* TwitterCloneTests */ = {
			isa = PBXNativeTarget;
			buildConfigurationList = 1BBE2A5C2A9245E700BB20D1 /* Build configuration list for PBXNativeTarget "TwitterCloneTests" */;
			buildPhases = (
				7860865B40D7E43ECFD0A670 /* [CP] Check Pods Manifest.lock */,
				1BBE2A412A9245E700BB20D1 /* Sources */,
				1BBE2A422A9245E700BB20D1 /* Frameworks */,
				1BBE2A432A9245E700BB20D1 /* Resources */,
			);
			buildRules = (
			);
			dependencies = (
				1BBE2A472A9245E700BB20D1 /* PBXTargetDependency */,
			);
			name = TwitterCloneTests;
			productName = TwitterCloneTests;
			productReference = 1BBE2A452A9245E700BB20D1 /* TwitterCloneTests.xctest */;
			productType = "com.apple.product-type.bundle.unit-test";
		};
		1BBE2A4E2A9245E700BB20D1 /* TwitterCloneUITests */ = {
			isa = PBXNativeTarget;
			buildConfigurationList = 1BBE2A5F2A9245E700BB20D1 /* Build configuration list for PBXNativeTarget "TwitterCloneUITests" */;
			buildPhases = (
				7BD0D2FBAEED42C63ED1DF8B /* [CP] Check Pods Manifest.lock */,
				1BBE2A4B2A9245E700BB20D1 /* Sources */,
				1BBE2A4C2A9245E700BB20D1 /* Frameworks */,
				1BBE2A4D2A9245E700BB20D1 /* Resources */,
				22451B073BF46D7D8B1863AE /* [CP] Embed Pods Frameworks */,
			);
			buildRules = (
			);
			dependencies = (
				1BBE2A512A9245E700BB20D1 /* PBXTargetDependency */,
			);
			name = TwitterCloneUITests;
			productName = TwitterCloneUITests;
			productReference = 1BBE2A4F2A9245E700BB20D1 /* TwitterCloneUITests.xctest */;
			productType = "com.apple.product-type.bundle.ui-testing";
		};
/* End PBXNativeTarget section */

/* Begin PBXProject section */
		1BBE2A272A9245E500BB20D1 /* Project object */ = {
			isa = PBXProject;
			attributes = {
				BuildIndependentTargetsInParallel = 1;
				LastSwiftUpdateCheck = 1430;
				LastUpgradeCheck = 1430;
				TargetAttributes = {
					1BBE2A2E2A9245E500BB20D1 = {
						CreatedOnToolsVersion = 14.3;
					};
					1BBE2A442A9245E700BB20D1 = {
						CreatedOnToolsVersion = 14.3;
						TestTargetID = 1BBE2A2E2A9245E500BB20D1;
					};
					1BBE2A4E2A9245E700BB20D1 = {
						CreatedOnToolsVersion = 14.3;
						TestTargetID = 1BBE2A2E2A9245E500BB20D1;
					};
				};
			};
			buildConfigurationList = 1BBE2A2A2A9245E500BB20D1 /* Build configuration list for PBXProject "TwitterClone" */;
			compatibilityVersion = "Xcode 14.0";
			developmentRegion = en;
			hasScannedForEncodings = 0;
			knownRegions = (
				en,
				Base,
			);
			mainGroup = 1BBE2A262A9245E500BB20D1;
			packageReferences = (
				1BBE2A762A94E66300BB20D1 /* XCRemoteSwiftPackageReference "firebase-ios-sdk" */,
			);
			productRefGroup = 1BBE2A302A9245E500BB20D1 /* Products */;
			projectDirPath = "";
			projectRoot = "";
			targets = (
				1BBE2A2E2A9245E500BB20D1 /* TwitterClone */,
				1BBE2A442A9245E700BB20D1 /* TwitterCloneTests */,
				1BBE2A4E2A9245E700BB20D1 /* TwitterCloneUITests */,
			);
		};
/* End PBXProject section */

/* Begin PBXResourcesBuildPhase section */
		1BBE2A2D2A9245E500BB20D1 /* Resources */ = {
			isa = PBXResourcesBuildPhase;
			buildActionMask = 2147483647;
			files = (
				1BBE2A3F2A9245E600BB20D1 /* LaunchScreen.storyboard in Resources */,
				1BBE2A3C2A9245E600BB20D1 /* Assets.xcassets in Resources */,
				1BBE2A752A94E52A00BB20D1 /* GoogleService-Info.plist in Resources */,
			);
			runOnlyForDeploymentPostprocessing = 0;
		};
		1BBE2A432A9245E700BB20D1 /* Resources */ = {
			isa = PBXResourcesBuildPhase;
			buildActionMask = 2147483647;
			files = (
			);
			runOnlyForDeploymentPostprocessing = 0;
		};
		1BBE2A4D2A9245E700BB20D1 /* Resources */ = {
			isa = PBXResourcesBuildPhase;
			buildActionMask = 2147483647;
			files = (
			);
			runOnlyForDeploymentPostprocessing = 0;
		};
/* End PBXResourcesBuildPhase section */

/* Begin PBXShellScriptBuildPhase section */
		22451B073BF46D7D8B1863AE /* [CP] Embed Pods Frameworks */ = {
			isa = PBXShellScriptBuildPhase;
			buildActionMask = 2147483647;
			files = (
			);
			inputFileListPaths = (
				"${PODS_ROOT}/Target Support Files/Pods-TwitterClone-TwitterCloneUITests/Pods-TwitterClone-TwitterCloneUITests-frameworks-${CONFIGURATION}-input-files.xcfilelist",
			);
			name = "[CP] Embed Pods Frameworks";
			outputFileListPaths = (
				"${PODS_ROOT}/Target Support Files/Pods-TwitterClone-TwitterCloneUITests/Pods-TwitterClone-TwitterCloneUITests-frameworks-${CONFIGURATION}-output-files.xcfilelist",
			);
			runOnlyForDeploymentPostprocessing = 0;
			shellPath = /bin/sh;
			shellScript = "\"${PODS_ROOT}/Target Support Files/Pods-TwitterClone-TwitterCloneUITests/Pods-TwitterClone-TwitterCloneUITests-frameworks.sh\"\n";
			showEnvVarsInLog = 0;
		};
		49E45CB9880273F83ABFDA8D /* [CP] Check Pods Manifest.lock */ = {
			isa = PBXShellScriptBuildPhase;
			buildActionMask = 2147483647;
			files = (
			);
			inputFileListPaths = (
			);
			inputPaths = (
				"${PODS_PODFILE_DIR_PATH}/Podfile.lock",
				"${PODS_ROOT}/Manifest.lock",
			);
			name = "[CP] Check Pods Manifest.lock";
			outputFileListPaths = (
			);
			outputPaths = (
				"$(DERIVED_FILE_DIR)/Pods-TwitterClone-checkManifestLockResult.txt",
			);
			runOnlyForDeploymentPostprocessing = 0;
			shellPath = /bin/sh;
			shellScript = "diff \"${PODS_PODFILE_DIR_PATH}/Podfile.lock\" \"${PODS_ROOT}/Manifest.lock\" > /dev/null\nif [ $? != 0 ] ; then\n    # print error to STDERR\n    echo \"error: The sandbox is not in sync with the Podfile.lock. Run 'pod install' or update your CocoaPods installation.\" >&2\n    exit 1\nfi\n# This output is used by Xcode 'outputs' to avoid re-running this script phase.\necho \"SUCCESS\" > \"${SCRIPT_OUTPUT_FILE_0}\"\n";
			showEnvVarsInLog = 0;
		};
		7860865B40D7E43ECFD0A670 /* [CP] Check Pods Manifest.lock */ = {
			isa = PBXShellScriptBuildPhase;
			buildActionMask = 2147483647;
			files = (
			);
			inputFileListPaths = (
			);
			inputPaths = (
				"${PODS_PODFILE_DIR_PATH}/Podfile.lock",
				"${PODS_ROOT}/Manifest.lock",
			);
			name = "[CP] Check Pods Manifest.lock";
			outputFileListPaths = (
			);
			outputPaths = (
				"$(DERIVED_FILE_DIR)/Pods-TwitterCloneTests-checkManifestLockResult.txt",
			);
			runOnlyForDeploymentPostprocessing = 0;
			shellPath = /bin/sh;
			shellScript = "diff \"${PODS_PODFILE_DIR_PATH}/Podfile.lock\" \"${PODS_ROOT}/Manifest.lock\" > /dev/null\nif [ $? != 0 ] ; then\n    # print error to STDERR\n    echo \"error: The sandbox is not in sync with the Podfile.lock. Run 'pod install' or update your CocoaPods installation.\" >&2\n    exit 1\nfi\n# This output is used by Xcode 'outputs' to avoid re-running this script phase.\necho \"SUCCESS\" > \"${SCRIPT_OUTPUT_FILE_0}\"\n";
			showEnvVarsInLog = 0;
		};
		7BD0D2FBAEED42C63ED1DF8B /* [CP] Check Pods Manifest.lock */ = {
			isa = PBXShellScriptBuildPhase;
			buildActionMask = 2147483647;
			files = (
			);
			inputFileListPaths = (
			);
			inputPaths = (
				"${PODS_PODFILE_DIR_PATH}/Podfile.lock",
				"${PODS_ROOT}/Manifest.lock",
			);
			name = "[CP] Check Pods Manifest.lock";
			outputFileListPaths = (
			);
			outputPaths = (
				"$(DERIVED_FILE_DIR)/Pods-TwitterClone-TwitterCloneUITests-checkManifestLockResult.txt",
			);
			runOnlyForDeploymentPostprocessing = 0;
			shellPath = /bin/sh;
			shellScript = "diff \"${PODS_PODFILE_DIR_PATH}/Podfile.lock\" \"${PODS_ROOT}/Manifest.lock\" > /dev/null\nif [ $? != 0 ] ; then\n    # print error to STDERR\n    echo \"error: The sandbox is not in sync with the Podfile.lock. Run 'pod install' or update your CocoaPods installation.\" >&2\n    exit 1\nfi\n# This output is used by Xcode 'outputs' to avoid re-running this script phase.\necho \"SUCCESS\" > \"${SCRIPT_OUTPUT_FILE_0}\"\n";
			showEnvVarsInLog = 0;
		};
		F54611513E8FD0533E9DD7C0 /* [CP] Embed Pods Frameworks */ = {
			isa = PBXShellScriptBuildPhase;
			buildActionMask = 2147483647;
			files = (
			);
			inputFileListPaths = (
				"${PODS_ROOT}/Target Support Files/Pods-TwitterClone/Pods-TwitterClone-frameworks-${CONFIGURATION}-input-files.xcfilelist",
			);
			name = "[CP] Embed Pods Frameworks";
			outputFileListPaths = (
				"${PODS_ROOT}/Target Support Files/Pods-TwitterClone/Pods-TwitterClone-frameworks-${CONFIGURATION}-output-files.xcfilelist",
			);
			runOnlyForDeploymentPostprocessing = 0;
			shellPath = /bin/sh;
			shellScript = "\"${PODS_ROOT}/Target Support Files/Pods-TwitterClone/Pods-TwitterClone-frameworks.sh\"\n";
			showEnvVarsInLog = 0;
		};
/* End PBXShellScriptBuildPhase section */

/* Begin PBXSourcesBuildPhase section */
		1BBE2A2B2A9245E500BB20D1 /* Sources */ = {
			isa = PBXSourcesBuildPhase;
			buildActionMask = 2147483647;
			files = (
				1B2E40F22A95D8F200D2917A /* HomeViewModel.swift in Sources */,
				1BBE2A652A92485200BB20D1 /* SearchViewController.swift in Sources */,
				1BD9629B2B164D1C0016A0FA /* StorageManager.swift in Sources */,
				1BBE2A952A950A8300BB20D1 /* AuthenticationViewViewModel.swift in Sources */,
				1BBE2A372A9245E500BB20D1 /* ViewController.swift in Sources */,
				1BBE2A732A93AE2600BB20D1 /* ProfileHeaderView.swift in Sources */,
				1BBE2A6F2A924B9700BB20D1 /* TweetTableViewCell.swift in Sources */,
				1BBE2A672A92485D00BB20D1 /* NotificationViewController.swift in Sources */,
				1BBE2A6B2A92487200BB20D1 /* HomeViewController.swift in Sources */,
				1B33EE442B1B0BE50073C546 /* UIColor+Extension.swift in Sources */,
				1BC716212A99D5FB009468BE /* ProfileViewViewModel.swift in Sources */,
				1B2E40F92A95EFE900D2917A /* ProfileDataFormViewModel.swift in Sources */,
				1B2E40FB2A95F07F00D2917A /* ProfileDataFormViewController.swift in Sources */,
				1B2E40F52A95D91500D2917A /* TwitterUser.swift in Sources */,
				1BBE2A922A94E85F00BB20D1 /* OnboardingViewController.swift in Sources */,
				1BBE2A632A92465000BB20D1 /* MainTabViewController.swift in Sources */,
				1BBE2A982A95181700BB20D1 /* AuthManager.swift in Sources */,
				1BBE2A332A9245E500BB20D1 /* AppDelegate.swift in Sources */,
				1BC716232A99D8A9009468BE /* TweetComposeViewModel.swift in Sources */,
				1BBE2A912A94E85F00BB20D1 /* RegisterViewController.swift in Sources */,
				1B33EE462B1B0CB60073C546 /* TweetComposeViewController.swift in Sources */,
				1B2E40F72A95EF7F00D2917A /* DatabaseManager.swift in Sources */,
				1BBE2A352A9245E500BB20D1 /* SceneDelegate.swift in Sources */,
				1BBE2A712A939CB300BB20D1 /* profileViewController.swift in Sources */,
				1BBE2A902A94E85F00BB20D1 /* LoginViewController.swift in Sources */,
				1BBE2A692A92486700BB20D1 /* DirectMessagesViewController.swift in Sources */,
			);
			runOnlyForDeploymentPostprocessing = 0;
		};
		1BBE2A412A9245E700BB20D1 /* Sources */ = {
			isa = PBXSourcesBuildPhase;
			buildActionMask = 2147483647;
			files = (
				1BBE2A4A2A9245E700BB20D1 /* TwitterCloneTests.swift in Sources */,
			);
			runOnlyForDeploymentPostprocessing = 0;
		};
		1BBE2A4B2A9245E700BB20D1 /* Sources */ = {
			isa = PBXSourcesBuildPhase;
			buildActionMask = 2147483647;
			files = (
				1BBE2A562A9245E700BB20D1 /* TwitterCloneUITestsLaunchTests.swift in Sources */,
				1BBE2A542A9245E700BB20D1 /* TwitterCloneUITests.swift in Sources */,
			);
			runOnlyForDeploymentPostprocessing = 0;
		};
/* End PBXSourcesBuildPhase section */

/* Begin PBXTargetDependency section */
		1BBE2A472A9245E700BB20D1 /* PBXTargetDependency */ = {
			isa = PBXTargetDependency;
			target = 1BBE2A2E2A9245E500BB20D1 /* TwitterClone */;
			targetProxy = 1BBE2A462A9245E700BB20D1 /* PBXContainerItemProxy */;
		};
		1BBE2A512A9245E700BB20D1 /* PBXTargetDependency */ = {
			isa = PBXTargetDependency;
			target = 1BBE2A2E2A9245E500BB20D1 /* TwitterClone */;
			targetProxy = 1BBE2A502A9245E700BB20D1 /* PBXContainerItemProxy */;
		};
/* End PBXTargetDependency section */

/* Begin PBXVariantGroup section */
		1BBE2A3D2A9245E600BB20D1 /* LaunchScreen.storyboard */ = {
			isa = PBXVariantGroup;
			children = (
				1BBE2A3E2A9245E600BB20D1 /* Base */,
			);
			name = LaunchScreen.storyboard;
			sourceTree = "<group>";
		};
/* End PBXVariantGroup section */

/* Begin XCBuildConfiguration section */
		1BBE2A572A9245E700BB20D1 /* Debug */ = {
			isa = XCBuildConfiguration;
			buildSettings = {
				ALWAYS_SEARCH_USER_PATHS = NO;
				CLANG_ANALYZER_NONNULL = YES;
				CLANG_ANALYZER_NUMBER_OBJECT_CONVERSION = YES_AGGRESSIVE;
				CLANG_CXX_LANGUAGE_STANDARD = "gnu++20";
				CLANG_ENABLE_MODULES = YES;
				CLANG_ENABLE_OBJC_ARC = YES;
				CLANG_ENABLE_OBJC_WEAK = YES;
				CLANG_WARN_BLOCK_CAPTURE_AUTORELEASING = YES;
				CLANG_WARN_BOOL_CONVERSION = YES;
				CLANG_WARN_COMMA = YES;
				CLANG_WARN_CONSTANT_CONVERSION = YES;
				CLANG_WARN_DEPRECATED_OBJC_IMPLEMENTATIONS = YES;
				CLANG_WARN_DIRECT_OBJC_ISA_USAGE = YES_ERROR;
				CLANG_WARN_DOCUMENTATION_COMMENTS = YES;
				CLANG_WARN_EMPTY_BODY = YES;
				CLANG_WARN_ENUM_CONVERSION = YES;
				CLANG_WARN_INFINITE_RECURSION = YES;
				CLANG_WARN_INT_CONVERSION = YES;
				CLANG_WARN_NON_LITERAL_NULL_CONVERSION = YES;
				CLANG_WARN_OBJC_IMPLICIT_RETAIN_SELF = YES;
				CLANG_WARN_OBJC_LITERAL_CONVERSION = YES;
				CLANG_WARN_OBJC_ROOT_CLASS = YES_ERROR;
				CLANG_WARN_QUOTED_INCLUDE_IN_FRAMEWORK_HEADER = YES;
				CLANG_WARN_RANGE_LOOP_ANALYSIS = YES;
				CLANG_WARN_STRICT_PROTOTYPES = YES;
				CLANG_WARN_SUSPICIOUS_MOVE = YES;
				CLANG_WARN_UNGUARDED_AVAILABILITY = YES_AGGRESSIVE;
				CLANG_WARN_UNREACHABLE_CODE = YES;
				CLANG_WARN__DUPLICATE_METHOD_MATCH = YES;
				COPY_PHASE_STRIP = NO;
				DEBUG_INFORMATION_FORMAT = dwarf;
				ENABLE_STRICT_OBJC_MSGSEND = YES;
				ENABLE_TESTABILITY = YES;
				GCC_C_LANGUAGE_STANDARD = gnu11;
				GCC_DYNAMIC_NO_PIC = NO;
				GCC_NO_COMMON_BLOCKS = YES;
				GCC_OPTIMIZATION_LEVEL = 0;
				GCC_PREPROCESSOR_DEFINITIONS = (
					"DEBUG=1",
					"$(inherited)",
				);
				GCC_WARN_64_TO_32_BIT_CONVERSION = YES;
				GCC_WARN_ABOUT_RETURN_TYPE = YES_ERROR;
				GCC_WARN_UNDECLARED_SELECTOR = YES;
				GCC_WARN_UNINITIALIZED_AUTOS = YES_AGGRESSIVE;
				GCC_WARN_UNUSED_FUNCTION = YES;
				GCC_WARN_UNUSED_VARIABLE = YES;
				IPHONEOS_DEPLOYMENT_TARGET = 16.4;
				MTL_ENABLE_DEBUG_INFO = INCLUDE_SOURCE;
				MTL_FAST_MATH = YES;
				ONLY_ACTIVE_ARCH = YES;
				SDKROOT = iphoneos;
				SWIFT_ACTIVE_COMPILATION_CONDITIONS = DEBUG;
				SWIFT_OPTIMIZATION_LEVEL = "-Onone";
			};
			name = Debug;
		};
		1BBE2A582A9245E700BB20D1 /* Release */ = {
			isa = XCBuildConfiguration;
			buildSettings = {
				ALWAYS_SEARCH_USER_PATHS = NO;
				CLANG_ANALYZER_NONNULL = YES;
				CLANG_ANALYZER_NUMBER_OBJECT_CONVERSION = YES_AGGRESSIVE;
				CLANG_CXX_LANGUAGE_STANDARD = "gnu++20";
				CLANG_ENABLE_MODULES = YES;
				CLANG_ENABLE_OBJC_ARC = YES;
				CLANG_ENABLE_OBJC_WEAK = YES;
				CLANG_WARN_BLOCK_CAPTURE_AUTORELEASING = YES;
				CLANG_WARN_BOOL_CONVERSION = YES;
				CLANG_WARN_COMMA = YES;
				CLANG_WARN_CONSTANT_CONVERSION = YES;
				CLANG_WARN_DEPRECATED_OBJC_IMPLEMENTATIONS = YES;
				CLANG_WARN_DIRECT_OBJC_ISA_USAGE = YES_ERROR;
				CLANG_WARN_DOCUMENTATION_COMMENTS = YES;
				CLANG_WARN_EMPTY_BODY = YES;
				CLANG_WARN_ENUM_CONVERSION = YES;
				CLANG_WARN_INFINITE_RECURSION = YES;
				CLANG_WARN_INT_CONVERSION = YES;
				CLANG_WARN_NON_LITERAL_NULL_CONVERSION = YES;
				CLANG_WARN_OBJC_IMPLICIT_RETAIN_SELF = YES;
				CLANG_WARN_OBJC_LITERAL_CONVERSION = YES;
				CLANG_WARN_OBJC_ROOT_CLASS = YES_ERROR;
				CLANG_WARN_QUOTED_INCLUDE_IN_FRAMEWORK_HEADER = YES;
				CLANG_WARN_RANGE_LOOP_ANALYSIS = YES;
				CLANG_WARN_STRICT_PROTOTYPES = YES;
				CLANG_WARN_SUSPICIOUS_MOVE = YES;
				CLANG_WARN_UNGUARDED_AVAILABILITY = YES_AGGRESSIVE;
				CLANG_WARN_UNREACHABLE_CODE = YES;
				CLANG_WARN__DUPLICATE_METHOD_MATCH = YES;
				COPY_PHASE_STRIP = NO;
				DEBUG_INFORMATION_FORMAT = "dwarf-with-dsym";
				ENABLE_NS_ASSERTIONS = NO;
				ENABLE_STRICT_OBJC_MSGSEND = YES;
				GCC_C_LANGUAGE_STANDARD = gnu11;
				GCC_NO_COMMON_BLOCKS = YES;
				GCC_WARN_64_TO_32_BIT_CONVERSION = YES;
				GCC_WARN_ABOUT_RETURN_TYPE = YES_ERROR;
				GCC_WARN_UNDECLARED_SELECTOR = YES;
				GCC_WARN_UNINITIALIZED_AUTOS = YES_AGGRESSIVE;
				GCC_WARN_UNUSED_FUNCTION = YES;
				GCC_WARN_UNUSED_VARIABLE = YES;
				IPHONEOS_DEPLOYMENT_TARGET = 16.4;
				MTL_ENABLE_DEBUG_INFO = NO;
				MTL_FAST_MATH = YES;
				SDKROOT = iphoneos;
				SWIFT_COMPILATION_MODE = wholemodule;
				SWIFT_OPTIMIZATION_LEVEL = "-O";
				VALIDATE_PRODUCT = YES;
			};
			name = Release;
		};
		1BBE2A5A2A9245E700BB20D1 /* Debug */ = {
			isa = XCBuildConfiguration;
			baseConfigurationReference = 02055416FD7145932F1173AB /* Pods-TwitterClone.debug.xcconfig */;
			buildSettings = {
				ASSETCATALOG_COMPILER_APPICON_NAME = AppIcon;
				ASSETCATALOG_COMPILER_GLOBAL_ACCENT_COLOR_NAME = AccentColor;
				CODE_SIGN_STYLE = Automatic;
				CURRENT_PROJECT_VERSION = 1;
				DEVELOPMENT_TEAM = NB3J3HAT5K;
				GENERATE_INFOPLIST_FILE = YES;
				INFOPLIST_FILE = TwitterClone/Info.plist;
				INFOPLIST_KEY_UIApplicationSupportsIndirectInputEvents = YES;
				INFOPLIST_KEY_UILaunchStoryboardName = LaunchScreen;
				INFOPLIST_KEY_UIMainStoryboardFile = "";
				INFOPLIST_KEY_UISupportedInterfaceOrientations_iPad = "UIInterfaceOrientationPortrait UIInterfaceOrientationPortraitUpsideDown UIInterfaceOrientationLandscapeLeft UIInterfaceOrientationLandscapeRight";
				INFOPLIST_KEY_UISupportedInterfaceOrientations_iPhone = "UIInterfaceOrientationPortrait UIInterfaceOrientationLandscapeLeft UIInterfaceOrientationLandscapeRight";
				LD_RUNPATH_SEARCH_PATHS = (
					"$(inherited)",
					"@executable_path/Frameworks",
				);
				MARKETING_VERSION = 1.0;
				PRODUCT_BUNDLE_IDENTIFIER = com.azhar.TwitterClone;
				PRODUCT_NAME = "$(TARGET_NAME)";
				SWIFT_EMIT_LOC_STRINGS = YES;
				SWIFT_VERSION = 5.0;
				TARGETED_DEVICE_FAMILY = "1,2";
			};
			name = Debug;
		};
		1BBE2A5B2A9245E700BB20D1 /* Release */ = {
			isa = XCBuildConfiguration;
			baseConfigurationReference = 9A8B206C4EE9159034C29B87 /* Pods-TwitterClone.release.xcconfig */;
			buildSettings = {
				ASSETCATALOG_COMPILER_APPICON_NAME = AppIcon;
				ASSETCATALOG_COMPILER_GLOBAL_ACCENT_COLOR_NAME = AccentColor;
				CODE_SIGN_STYLE = Automatic;
				CURRENT_PROJECT_VERSION = 1;
				DEVELOPMENT_TEAM = NB3J3HAT5K;
				GENERATE_INFOPLIST_FILE = YES;
				INFOPLIST_FILE = TwitterClone/Info.plist;
				INFOPLIST_KEY_UIApplicationSupportsIndirectInputEvents = YES;
				INFOPLIST_KEY_UILaunchStoryboardName = LaunchScreen;
				INFOPLIST_KEY_UIMainStoryboardFile = "";
				INFOPLIST_KEY_UISupportedInterfaceOrientations_iPad = "UIInterfaceOrientationPortrait UIInterfaceOrientationPortraitUpsideDown UIInterfaceOrientationLandscapeLeft UIInterfaceOrientationLandscapeRight";
				INFOPLIST_KEY_UISupportedInterfaceOrientations_iPhone = "UIInterfaceOrientationPortrait UIInterfaceOrientationLandscapeLeft UIInterfaceOrientationLandscapeRight";
				LD_RUNPATH_SEARCH_PATHS = (
					"$(inherited)",
					"@executable_path/Frameworks",
				);
				MARKETING_VERSION = 1.0;
				PRODUCT_BUNDLE_IDENTIFIER = com.azhar.TwitterClone;
				PRODUCT_NAME = "$(TARGET_NAME)";
				SWIFT_EMIT_LOC_STRINGS = YES;
				SWIFT_VERSION = 5.0;
				TARGETED_DEVICE_FAMILY = "1,2";
			};
			name = Release;
		};
		1BBE2A5D2A9245E700BB20D1 /* Debug */ = {
			isa = XCBuildConfiguration;
			baseConfigurationReference = 3F86B1AD4A6875F798CFF953 /* Pods-TwitterCloneTests.debug.xcconfig */;
			buildSettings = {
				ALWAYS_EMBED_SWIFT_STANDARD_LIBRARIES = YES;
				BUNDLE_LOADER = "$(TEST_HOST)";
				CODE_SIGN_STYLE = Automatic;
				CURRENT_PROJECT_VERSION = 1;
				DEVELOPMENT_TEAM = NB3J3HAT5K;
				GENERATE_INFOPLIST_FILE = YES;
				IPHONEOS_DEPLOYMENT_TARGET = 16.4;
				MARKETING_VERSION = 1.0;
				PRODUCT_BUNDLE_IDENTIFIER = com.azhar.com.TwitterCloneTests;
				PRODUCT_NAME = "$(TARGET_NAME)";
				SWIFT_EMIT_LOC_STRINGS = NO;
				SWIFT_VERSION = 5.0;
				TARGETED_DEVICE_FAMILY = "1,2";
				TEST_HOST = "$(BUILT_PRODUCTS_DIR)/TwitterClone.app/$(BUNDLE_EXECUTABLE_FOLDER_PATH)/TwitterClone";
			};
			name = Debug;
		};
		1BBE2A5E2A9245E700BB20D1 /* Release */ = {
			isa = XCBuildConfiguration;
			baseConfigurationReference = 95B676DEFF5D38942CAA6BE1 /* Pods-TwitterCloneTests.release.xcconfig */;
			buildSettings = {
				ALWAYS_EMBED_SWIFT_STANDARD_LIBRARIES = YES;
				BUNDLE_LOADER = "$(TEST_HOST)";
				CODE_SIGN_STYLE = Automatic;
				CURRENT_PROJECT_VERSION = 1;
				DEVELOPMENT_TEAM = NB3J3HAT5K;
				GENERATE_INFOPLIST_FILE = YES;
				IPHONEOS_DEPLOYMENT_TARGET = 16.4;
				MARKETING_VERSION = 1.0;
				PRODUCT_BUNDLE_IDENTIFIER = com.azhar.com.TwitterCloneTests;
				PRODUCT_NAME = "$(TARGET_NAME)";
				SWIFT_EMIT_LOC_STRINGS = NO;
				SWIFT_VERSION = 5.0;
				TARGETED_DEVICE_FAMILY = "1,2";
				TEST_HOST = "$(BUILT_PRODUCTS_DIR)/TwitterClone.app/$(BUNDLE_EXECUTABLE_FOLDER_PATH)/TwitterClone";
			};
			name = Release;
		};
		1BBE2A602A9245E700BB20D1 /* Debug */ = {
			isa = XCBuildConfiguration;
			baseConfigurationReference = 139575F8DAA79CCD37AE60CC /* Pods-TwitterClone-TwitterCloneUITests.debug.xcconfig */;
			buildSettings = {
				ALWAYS_EMBED_SWIFT_STANDARD_LIBRARIES = YES;
				CODE_SIGN_STYLE = Automatic;
				CURRENT_PROJECT_VERSION = 1;
				DEVELOPMENT_TEAM = NB3J3HAT5K;
				GENERATE_INFOPLIST_FILE = YES;
				MARKETING_VERSION = 1.0;
				PRODUCT_BUNDLE_IDENTIFIER = com.azhar.com.TwitterCloneUITests;
				PRODUCT_NAME = "$(TARGET_NAME)";
				SWIFT_EMIT_LOC_STRINGS = NO;
				SWIFT_VERSION = 5.0;
				TARGETED_DEVICE_FAMILY = "1,2";
				TEST_TARGET_NAME = TwitterClone;
			};
			name = Debug;
		};
		1BBE2A612A9245E700BB20D1 /* Release */ = {
			isa = XCBuildConfiguration;
			baseConfigurationReference = 8834D144EECB5DCA42B1AB64 /* Pods-TwitterClone-TwitterCloneUITests.release.xcconfig */;
			buildSettings = {
				ALWAYS_EMBED_SWIFT_STANDARD_LIBRARIES = YES;
				CODE_SIGN_STYLE = Automatic;
				CURRENT_PROJECT_VERSION = 1;
				DEVELOPMENT_TEAM = NB3J3HAT5K;
				GENERATE_INFOPLIST_FILE = YES;
				MARKETING_VERSION = 1.0;
				PRODUCT_BUNDLE_IDENTIFIER = com.azhar.com.TwitterCloneUITests;
				PRODUCT_NAME = "$(TARGET_NAME)";
				SWIFT_EMIT_LOC_STRINGS = NO;
				SWIFT_VERSION = 5.0;
				TARGETED_DEVICE_FAMILY = "1,2";
				TEST_TARGET_NAME = TwitterClone;
			};
			name = Release;
		};
/* End XCBuildConfiguration section */

/* Begin XCConfigurationList section */
		1BBE2A2A2A9245E500BB20D1 /* Build configuration list for PBXProject "TwitterClone" */ = {
			isa = XCConfigurationList;
			buildConfigurations = (
				1BBE2A572A9245E700BB20D1 /* Debug */,
				1BBE2A582A9245E700BB20D1 /* Release */,
			);
			defaultConfigurationIsVisible = 0;
			defaultConfigurationName = Release;
		};
		1BBE2A592A9245E700BB20D1 /* Build configuration list for PBXNativeTarget "TwitterClone" */ = {
			isa = XCConfigurationList;
			buildConfigurations = (
				1BBE2A5A2A9245E700BB20D1 /* Debug */,
				1BBE2A5B2A9245E700BB20D1 /* Release */,
			);
			defaultConfigurationIsVisible = 0;
			defaultConfigurationName = Release;
		};
		1BBE2A5C2A9245E700BB20D1 /* Build configuration list for PBXNativeTarget "TwitterCloneTests" */ = {
			isa = XCConfigurationList;
			buildConfigurations = (
				1BBE2A5D2A9245E700BB20D1 /* Debug */,
				1BBE2A5E2A9245E700BB20D1 /* Release */,
			);
			defaultConfigurationIsVisible = 0;
			defaultConfigurationName = Release;
		};
		1BBE2A5F2A9245E700BB20D1 /* Build configuration list for PBXNativeTarget "TwitterCloneUITests" */ = {
			isa = XCConfigurationList;
			buildConfigurations = (
				1BBE2A602A9245E700BB20D1 /* Debug */,
				1BBE2A612A9245E700BB20D1 /* Release */,
			);
			defaultConfigurationIsVisible = 0;
			defaultConfigurationName = Release;
		};
/* End XCConfigurationList section */

/* Begin XCRemoteSwiftPackageReference section */
		1BBE2A762A94E66300BB20D1 /* XCRemoteSwiftPackageReference "firebase-ios-sdk" */ = {
			isa = XCRemoteSwiftPackageReference;
			repositoryURL = "https://github.com/firebase/firebase-ios-sdk";
			requirement = {
				kind = upToNextMajorVersion;
				minimumVersion = 10.0.0;
			};
		};
/* End XCRemoteSwiftPackageReference section */

/* Begin XCSwiftPackageProductDependency section */
		1BBE2A772A94E66300BB20D1 /* FirebaseAuth */ = {
			isa = XCSwiftPackageProductDependency;
			package = 1BBE2A762A94E66300BB20D1 /* XCRemoteSwiftPackageReference "firebase-ios-sdk" */;
			productName = FirebaseAuth;
		};
		1BBE2A792A94E66300BB20D1 /* FirebaseAuthCombine-Community */ = {
			isa = XCSwiftPackageProductDependency;
			package = 1BBE2A762A94E66300BB20D1 /* XCRemoteSwiftPackageReference "firebase-ios-sdk" */;
			productName = "FirebaseAuthCombine-Community";
		};
		1BBE2A7B2A94E66300BB20D1 /* FirebaseDatabase */ = {
			isa = XCSwiftPackageProductDependency;
			package = 1BBE2A762A94E66300BB20D1 /* XCRemoteSwiftPackageReference "firebase-ios-sdk" */;
			productName = FirebaseDatabase;
		};
		1BBE2A7D2A94E66300BB20D1 /* FirebaseDatabaseSwift */ = {
			isa = XCSwiftPackageProductDependency;
			package = 1BBE2A762A94E66300BB20D1 /* XCRemoteSwiftPackageReference "firebase-ios-sdk" */;
			productName = FirebaseDatabaseSwift;
		};
		1BBE2A7F2A94E66300BB20D1 /* FirebaseFirestore */ = {
			isa = XCSwiftPackageProductDependency;
			package = 1BBE2A762A94E66300BB20D1 /* XCRemoteSwiftPackageReference "firebase-ios-sdk" */;
			productName = FirebaseFirestore;
		};
		1BBE2A812A94E66300BB20D1 /* FirebaseFirestoreCombine-Community */ = {
			isa = XCSwiftPackageProductDependency;
			package = 1BBE2A762A94E66300BB20D1 /* XCRemoteSwiftPackageReference "firebase-ios-sdk" */;
			productName = "FirebaseFirestoreCombine-Community";
		};
		1BBE2A832A94E66300BB20D1 /* FirebaseFirestoreSwift */ = {
			isa = XCSwiftPackageProductDependency;
			package = 1BBE2A762A94E66300BB20D1 /* XCRemoteSwiftPackageReference "firebase-ios-sdk" */;
			productName = FirebaseFirestoreSwift;
		};
		1BBE2A852A94E66300BB20D1 /* FirebaseStorage */ = {
			isa = XCSwiftPackageProductDependency;
			package = 1BBE2A762A94E66300BB20D1 /* XCRemoteSwiftPackageReference "firebase-ios-sdk" */;
			productName = FirebaseStorage;
		};
		1BBE2A872A94E66300BB20D1 /* FirebaseStorageCombine-Community */ = {
			isa = XCSwiftPackageProductDependency;
			package = 1BBE2A762A94E66300BB20D1 /* XCRemoteSwiftPackageReference "firebase-ios-sdk" */;
			productName = "FirebaseStorageCombine-Community";
		};
/* End XCSwiftPackageProductDependency section */
	};
	rootObject = 1BBE2A272A9245E500BB20D1 /* Project object */;
}
